
Microsoft Visual Studio Solution File, Format Version 12.00
# Visual Studio 2017
Project("{FAE04EC0-301F-11D3-BF4B-00C04F79EFBC}") = "VRPainter", "VRPainter.csproj", "{FBE40684-7CB2-003D-2CEA-8F537054C1A3}"
EndProject
Project("{FAE04EC0-301F-11D3-BF4B-00C04F79EFBC}") = "VRPainter", "VRPainter.csproj", "{FBE40684-7CB2-003D-2CEA-8F537054C1A3}"
EndProject
Project("{FAE04EC0-301F-11D3-BF4B-00C04F79EFBC}") = "VRPainter", "VRPainter.csproj", "{FBE40684-7CB2-003D-2CEA-8F537054C1A3}"
EndProject
Project("{FAE04EC0-301F-11D3-BF4B-00C04F79EFBC}") = "VRPainter", "VRPainter.csproj", "{FBE40684-7CB2-003D-2CEA-8F537054C1A3}"
EndProject
Project("{FAE04EC0-301F-11D3-BF4B-00C04F79EFBC}") = "VRPainter.Editor", "VRPainter.Editor.csproj", "{02887351-FA2F-3105-B9A9-0AC3C5ABE83E}"
EndProject
Project("{FAE04EC0-301F-11D3-BF4B-00C04F79EFBC}") = "VRPainter.Editor", "VRPainter.Editor.csproj", "{02887351-FA2F-3105-B9A9-0AC3C5ABE83E}"
EndProject
Project("{FAE04EC0-301F-11D3-BF4B-00C04F79EFBC}") = "VRPainter.Editor", "VRPainter.Editor.csproj", "{02887351-FA2F-3105-B9A9-0AC3C5ABE83E}"
EndProject
Project("{FAE04EC0-301F-11D3-BF4B-00C04F79EFBC}") = "VRPainter.Editor", "VRPainter.Editor.csproj", "{02887351-FA2F-3105-B9A9-0AC3C5ABE83E}"
EndProject
Project("{FAE04EC0-301F-11D3-BF4B-00C04F79EFBC}") = "VRPainter.Editor", "VRPainter.Editor.csproj", "{02887351-FA2F-3105-B9A9-0AC3C5ABE83E}"
EndProject
Project("{FAE04EC0-301F-11D3-BF4B-00C04F79EFBC}") = "VRPainter.Editor", "VRPainter.Editor.csproj", "{02887351-FA2F-3105-B9A9-0AC3C5ABE83E}"
EndProject
Global
	GlobalSection(SolutionConfigurationPlatforms) = preSolution
		Debug|Any CPU = Debug|Any CPU
		Release|Any CPU = Release|Any CPU
	EndGlobalSection
	GlobalSection(ProjectConfigurationPlatforms) = postSolution
		{FBE40684-7CB2-003D-2CEA-8F537054C1A3}.Debug|Any CPU.ActiveCfg = Debug|Any CPU
		{FBE40684-7CB2-003D-2CEA-8F537054C1A3}.Debug|Any CPU.Build.0 = Debug|Any CPU
		{FBE40684-7CB2-003D-2CEA-8F537054C1A3}.Release|Any CPU.ActiveCfg = Release|Any CPU
		{FBE40684-7CB2-003D-2CEA-8F537054C1A3}.Release|Any CPU.Build.0 = Release|Any CPU
		{FBE40684-7CB2-003D-2CEA-8F537054C1A3}.Debug|Any CPU.ActiveCfg = Debug|Any CPU
		{FBE40684-7CB2-003D-2CEA-8F537054C1A3}.Debug|Any CPU.Build.0 = Debug|Any CPU
		{FBE40684-7CB2-003D-2CEA-8F537054C1A3}.Release|Any CPU.ActiveCfg = Release|Any CPU
		{FBE40684-7CB2-003D-2CEA-8F537054C1A3}.Release|Any CPU.Build.0 = Release|Any CPU
		{FBE40684-7CB2-003D-2CEA-8F537054C1A3}.Debug|Any CPU.ActiveCfg = Debug|Any CPU
		{FBE40684-7CB2-003D-2CEA-8F537054C1A3}.Debug|Any CPU.Build.0 = Debug|Any CPU
		{FBE40684-7CB2-003D-2CEA-8F537054C1A3}.Release|Any CPU.ActiveCfg = Release|Any CPU
		{FBE40684-7CB2-003D-2CEA-8F537054C1A3}.Release|Any CPU.Build.0 = Release|Any CPU
		{FBE40684-7CB2-003D-2CEA-8F537054C1A3}.Debug|Any CPU.ActiveCfg = Debug|Any CPU
		{FBE40684-7CB2-003D-2CEA-8F537054C1A3}.Debug|Any CPU.Build.0 = Debug|Any CPU
		{FBE40684-7CB2-003D-2CEA-8F537054C1A3}.Release|Any CPU.ActiveCfg = Release|Any CPU
		{FBE40684-7CB2-003D-2CEA-8F537054C1A3}.Release|Any CPU.Build.0 = Release|Any CPU
		{02887351-FA2F-3105-B9A9-0AC3C5ABE83E}.Debug|Any CPU.ActiveCfg = Debug|Any CPU
		{02887351-FA2F-3105-B9A9-0AC3C5ABE83E}.Debug|Any CPU.Build.0 = Debug|Any CPU
		{02887351-FA2F-3105-B9A9-0AC3C5ABE83E}.Release|Any CPU.ActiveCfg = Release|Any CPU
		{02887351-FA2F-3105-B9A9-0AC3C5ABE83E}.Release|Any CPU.Build.0 = Release|Any CPU
		{02887351-FA2F-3105-B9A9-0AC3C5ABE83E}.Debug|Any CPU.ActiveCfg = Debug|Any CPU
		{02887351-FA2F-3105-B9A9-0AC3C5ABE83E}.Debug|Any CPU.Build.0 = Debug|Any CPU
		{02887351-FA2F-3105-B9A9-0AC3C5ABE83E}.Release|Any CPU.ActiveCfg = Release|Any CPU
		{02887351-FA2F-3105-B9A9-0AC3C5ABE83E}.Release|Any CPU.Build.0 = Release|Any CPU
		{02887351-FA2F-3105-B9A9-0AC3C5ABE83E}.Debug|Any CPU.ActiveCfg = Debug|Any CPU
		{02887351-FA2F-3105-B9A9-0AC3C5ABE83E}.Debug|Any CPU.Build.0 = Debug|Any CPU
		{02887351-FA2F-3105-B9A9-0AC3C5ABE83E}.Release|Any CPU.ActiveCfg = Release|Any CPU
		{02887351-FA2F-3105-B9A9-0AC3C5ABE83E}.Release|Any CPU.Build.0 = Release|Any CPU
		{02887351-FA2F-3105-B9A9-0AC3C5ABE83E}.Debug|Any CPU.ActiveCfg = Debug|Any CPU
		{02887351-FA2F-3105-B9A9-0AC3C5ABE83E}.Debug|Any CPU.Build.0 = Debug|Any CPU
		{02887351-FA2F-3105-B9A9-0AC3C5ABE83E}.Release|Any CPU.ActiveCfg = Release|Any CPU
		{02887351-FA2F-3105-B9A9-0AC3C5ABE83E}.Release|Any CPU.Build.0 = Release|Any CPU
		{02887351-FA2F-3105-B9A9-0AC3C5ABE83E}.Debug|Any CPU.ActiveCfg = Debug|Any CPU
		{02887351-FA2F-3105-B9A9-0AC3C5ABE83E}.Debug|Any CPU.Build.0 = Debug|Any CPU
		{02887351-FA2F-3105-B9A9-0AC3C5ABE83E}.Release|Any CPU.ActiveCfg = Release|Any CPU
		{02887351-FA2F-3105-B9A9-0AC3C5ABE83E}.Release|Any CPU.Build.0 = Release|Any CPU
		{02887351-FA2F-3105-B9A9-0AC3C5ABE83E}.Debug|Any CPU.ActiveCfg = Debug|Any CPU
		{02887351-FA2F-3105-B9A9-0AC3C5ABE83E}.Debug|Any CPU.Build.0 = Debug|Any CPU
		{02887351-FA2F-3105-B9A9-0AC3C5ABE83E}.Release|Any CPU.ActiveCfg = Release|Any CPU
		{02887351-FA2F-3105-B9A9-0AC3C5ABE83E}.Release|Any CPU.Build.0 = Release|Any CPU
	EndGlobalSection
	GlobalSection(SolutionProperties) = preSolution
		HideSolutionNode = FALSE
	EndGlobalSection
EndGlobal
